
Microsoft Visual Studio Solution File, Format Version 12.00
# Visual Studio Version 17
VisualStudioVersion = 17.8.34330.188
MinimumVisualStudioVersion = 10.0.40219.1
Project("{FAE04EC0-301F-11D3-BF4B-00C04F79EFBC}") = "ProjectEuler", "ProjectEuler.csproj", "{62ADEEE8-7632-4926-8A37-544B35FAAF50}"
EndProject
Global
	GlobalSection(SolutionConfigurationPlatforms) = preSolution
		Debug|Any CPU = Debug|Any CPU
		Release|Any CPU = Release|Any CPU
	EndGlobalSection
	GlobalSection(ProjectConfigurationPlatforms) = postSolution
		{62ADEEE8-7632-4926-8A37-544B35FAAF50}.Debug|Any CPU.ActiveCfg = Debug|Any CPU
		{62ADEEE8-7632-4926-8A37-544B35FAAF50}.Debug|Any CPU.Build.0 = Debug|Any CPU
		{62ADEEE8-7632-4926-8A37-544B35FAAF50}.Release|Any CPU.ActiveCfg = Release|Any CPU
		{62ADEEE8-7632-4926-8A37-544B35FAAF50}.Release|Any CPU.Build.0 = Release|Any CPU
	EndGlobalSection
	GlobalSection(SolutionProperties) = preSolution
		HideSolutionNode = FALSE
	EndGlobalSection
	GlobalSection(ExtensibilityGlobals) = postSolution
		SolutionGuid = {48D65BB0-9C86-4705-8ED7-635DB0BE10C0}
	EndGlobalSection
EndGlobal
